<?xml version="1.0" encoding="utf-8"?>
<Project ToolsVersion="4.0" xmlns="http://schemas.microsoft.com/developer/msbuild/2003">
  <ItemGroup>
    <Filter Include="Header Files">
      <UniqueIdentifier>{93995380-89BD-4b04-88EB-625FBE52EBFB}</UniqueIdentifier>
      <Extensions>h;hh;hpp;hxx;h++;hm;inl;inc;ipp;xsd</Extensions>
    </Filter>
    <Filter Include="Resource Files">
      <UniqueIdentifier>{67DA6AB6-F800-4c08-8B7A-83BB121AAD01}</UniqueIdentifier>
      <Extensions>rc;ico;cur;bmp;dlg;rc2;rct;bin;rgs;gif;jpg;jpeg;jpe;resx;tiff;tif;png;wav;mfcribbon-ms</Extensions>
    </Filter>
    <Filter Include="Manifests">
      <UniqueIdentifier>{bf4883a8-6391-4633-8971-8b672b34b8c0}</UniqueIdentifier>
    </Filter>
    <Filter Include="Header Files\UI">
      <UniqueIdentifier>{f11f09f6-809d-4d1c-b407-7f9412b64947}</UniqueIdentifier>
    </Filter>
    <Filter Include="Header Files\UI\Controls">
      <UniqueIdentifier>{ca1bcdc6-a4fc-4a8b-bd1d-a9b8afa01d4d}</UniqueIdentifier>
    </Filter>
    <Filter Include="Header Files\UI\Themes">
      <UniqueIdentifier>{05bdf0f6-cdd3-4071-ae5f-c61dbdb9fe19}</UniqueIdentifier>
    </Filter>
    <Filter Include="Header Files\UI\Other">
      <UniqueIdentifier>{289ab96a-f75b-406d-83a4-6769454f1da8}</UniqueIdentifier>
    </Filter>
    <Filter Include="Header Files\Window">
      <UniqueIdentifier>{7eb8ce43-fa22-4dc9-83ff-dcb577ffdef3}</UniqueIdentifier>
    </Filter>
    <Filter Include="Header Files\UI\Layout">
      <UniqueIdentifier>{e1604258-c230-44c5-ab7c-cbe1262488f3}</UniqueIdentifier>
    </Filter>
    <Filter Include="Header Files\Rendering">
      <UniqueIdentifier>{f41302d0-2ff9-4dc0-b046-80b38811e7d2}</UniqueIdentifier>
    </Filter>
    <Filter Include="Header Files\Exceptions">
      <UniqueIdentifier>{d3a450bf-e3ba-4b7e-be78-f6d8fb33e6dc}</UniqueIdentifier>
    </Filter>
    <Filter Include="Source Files">
      <UniqueIdentifier>{4FC737F1-C7A5-4376-A066-2A32D752A2FF}</UniqueIdentifier>
      <Extensions>cpp;c;cc;cxx;c++;cppm;ixx;def;odl;idl;hpj;bat;asm;asmx</Extensions>
    </Filter>
    <Filter Include="Source Files\UI">
      <UniqueIdentifier>{0016a610-b3fb-48f2-ab6d-71ed936abe61}</UniqueIdentifier>
    </Filter>
    <Filter Include="Source Files\UI\Controls">
      <UniqueIdentifier>{86a7d132-5891-4afb-bec2-b70911b73d1e}</UniqueIdentifier>
    </Filter>
    <Filter Include="Source Files\UI\Themes">
      <UniqueIdentifier>{288e2f56-b3af-40ab-820a-d78646c6eade}</UniqueIdentifier>
    </Filter>
    <Filter Include="Source Files\UI\Other">
      <UniqueIdentifier>{2c831836-8169-4323-bd84-b8c99036d9df}</UniqueIdentifier>
    </Filter>
    <Filter Include="Source Files\UI\Layout">
      <UniqueIdentifier>{2c4d5ace-1494-4dfa-a6ea-d813fa9847e7}</UniqueIdentifier>
    </Filter>
    <Filter Include="Source Files\Window">
      <UniqueIdentifier>{32e5bd66-1d97-4801-83b1-16f4e3fb7c63}</UniqueIdentifier>
    </Filter>
    <Filter Include="Source Files\Rendering">
      <UniqueIdentifier>{da3fe63c-34e2-4039-8018-42fc61b0419b}</UniqueIdentifier>
    </Filter>
    <Filter Include="Source Files\Exceptions">
      <UniqueIdentifier>{41117854-2a5d-4ff4-9d19-b3f1d999bf0b}</UniqueIdentifier>
    </Filter>
    <Filter Include="Shaders">
      <UniqueIdentifier>{eab8718d-2e7c-4168-a603-3b0d4a0b8b40}</UniqueIdentifier>
    </Filter>
    <Filter Include="Header Files\Simulation">
      <UniqueIdentifier>{5ca4ba9e-1bdf-417c-8d5b-68f04de88ec4}</UniqueIdentifier>
    </Filter>
    <Filter Include="Source Files\Simulation">
      <UniqueIdentifier>{3ec30c05-c53d-45e4-9a17-457c863fbd3d}</UniqueIdentifier>
    </Filter>
    <Filter Include="Header Files\Simulation\Atoms">
      <UniqueIdentifier>{aa34a6ce-0bc4-435b-b1d4-f283401bb10d}</UniqueIdentifier>
    </Filter>
    <Filter Include="Source Files\Simulation\Atoms">
      <UniqueIdentifier>{98e49151-f390-48bd-ba94-dc67e041537d}</UniqueIdentifier>
    </Filter>
  </ItemGroup>
  <ItemGroup>
    <ClCompile Include="pch.cpp">
      <Filter>Source Files</Filter>
    </ClCompile>
    <ClCompile Include="Button.cpp">
      <Filter>Source Files\UI\Controls</Filter>
    </ClCompile>
    <ClCompile Include="Control.cpp">
      <Filter>Source Files\UI\Controls</Filter>
    </ClCompile>
    <ClCompile Include="DropDown.cpp">
      <Filter>Source Files\UI\Controls</Filter>
    </ClCompile>
    <ClCompile Include="Text.cpp">
      <Filter>Source Files\UI\Controls</Filter>
    </ClCompile>
    <ClCompile Include="ColorTheme.cpp">
      <Filter>Source Files\UI\Themes</Filter>
    </ClCompile>
    <ClCompile Include="TextTheme.cpp">
      <Filter>Source Files\UI\Themes</Filter>
    </ClCompile>
    <ClCompile Include="Theme.cpp">
      <Filter>Source Files\UI\Themes</Filter>
    </ClCompile>
    <ClCompile Include="ThemeManager.cpp">
      <Filter>Source Files\UI\Themes</Filter>
    </ClCompile>
    <ClCompile Include="FontFamily.cpp">
      <Filter>Source Files\UI\Other</Filter>
    </ClCompile>
    <ClCompile Include="MouseState.cpp">
      <Filter>Source Files\UI\Other</Filter>
    </ClCompile>
    <ClCompile Include="WindowsMessageMap.cpp">
      <Filter>Source Files\Window</Filter>
    </ClCompile>
    <ClCompile Include="WindowManager.cpp">
      <Filter>Source Files\Window</Filter>
    </ClCompile>
    <ClCompile Include="WindowBase.cpp">
      <Filter>Source Files\Window</Filter>
    </ClCompile>
    <ClCompile Include="SecondaryWindow.cpp">
      <Filter>Source Files\Window</Filter>
    </ClCompile>
    <ClCompile Include="ContentWindow.cpp">
      <Filter>Source Files\Window</Filter>
    </ClCompile>
    <ClCompile Include="Layout.cpp">
      <Filter>Source Files\UI\Layout</Filter>
    </ClCompile>
    <ClCompile Include="RowCol.cpp">
      <Filter>Source Files\UI\Layout</Filter>
    </ClCompile>
    <ClCompile Include="DeviceResources.cpp">
      <Filter>Source Files\Rendering</Filter>
    </ClCompile>
    <ClCompile Include="WinMain.cpp">
      <Filter>Source Files</Filter>
    </ClCompile>
    <ClCompile Include="MonolithException.cpp">
      <Filter>Source Files\Exceptions</Filter>
    </ClCompile>
    <ClCompile Include="WindowException.cpp">
      <Filter>Source Files\Exceptions</Filter>
    </ClCompile>
    <ClCompile Include="App.cpp">
      <Filter>Source Files</Filter>
    </ClCompile>
    <ClCompile Include="LayoutConfig.cpp">
      <Filter>Source Files\UI\Layout</Filter>
    </ClCompile>
    <ClCompile Include="SimulationRenderer.cpp">
      <Filter>Source Files\UI\Controls</Filter>
    </ClCompile>
    <ClCompile Include="MoveLookController.cpp">
      <Filter>Source Files\Rendering</Filter>
    </ClCompile>
    <ClCompile Include="Simulation.cpp">
      <Filter>Source Files\Simulation</Filter>
    </ClCompile>
    <ClCompile Include="Atom.cpp">
      <Filter>Source Files\Simulation\Atoms</Filter>
    </ClCompile>
    <ClCompile Include="Electron.cpp">
      <Filter>Source Files\Simulation\Atoms</Filter>
    </ClCompile>
    <ClCompile Include="SphereMesh.cpp">
      <Filter>Source Files\Rendering</Filter>
    </ClCompile>
    <ClCompile Include="Beryllium.cpp">
      <Filter>Source Files\Simulation\Atoms</Filter>
    </ClCompile>
    <ClCompile Include="Boron.cpp">
      <Filter>Source Files\Simulation\Atoms</Filter>
    </ClCompile>
    <ClCompile Include="Carbon.cpp">
      <Filter>Source Files\Simulation\Atoms</Filter>
    </ClCompile>
    <ClCompile Include="Flourine.cpp">
      <Filter>Source Files\Simulation\Atoms</Filter>
    </ClCompile>
    <ClCompile Include="Helium.cpp">
      <Filter>Source Files\Simulation\Atoms</Filter>
    </ClCompile>
    <ClCompile Include="Hydrogen.cpp">
      <Filter>Source Files\Simulation\Atoms</Filter>
    </ClCompile>
    <ClCompile Include="Lithium.cpp">
      <Filter>Source Files\Simulation\Atoms</Filter>
    </ClCompile>
    <ClCompile Include="Neon.cpp">
      <Filter>Source Files\Simulation\Atoms</Filter>
    </ClCompile>
    <ClCompile Include="Nitrogen.cpp">
      <Filter>Source Files\Simulation\Atoms</Filter>
    </ClCompile>
    <ClCompile Include="Oxygen.cpp">
      <Filter>Source Files\Simulation\Atoms</Filter>
    </ClCompile>
    <ClCompile Include="SimulationManager.cpp">
      <Filter>Source Files\Simulation</Filter>
    </ClCompile>
    <ClCompile Include="MeshManager.cpp">
      <Filter>Source Files\Simulation</Filter>
    </ClCompile>
    <ClCompile Include="TextInput.cpp">
      <Filter>Source Files\UI\Controls</Filter>
    </ClCompile>
    <ClCompile Include="ComboBox.cpp">
      <Filter>Source Files\UI\Controls</Filter>
    </ClCompile>
    <ClCompile Include="BorderTheme.cpp">
      <Filter>Source Files\UI\Themes</Filter>
    </ClCompile>
    <ClCompile Include="Slider.cpp">
      <Filter>Source Files\UI\Controls</Filter>
    </ClCompile>
    <ClCompile Include="LineTheme.cpp">
      <Filter>Source Files\UI\Themes</Filter>
    </ClCompile>
  </ItemGroup>
  <ItemGroup>
    <ClInclude Include="pch.h">
      <Filter>Header Files</Filter>
    </ClInclude>
    <ClInclude Include="Button.h">
      <Filter>Header Files\UI\Controls</Filter>
    </ClInclude>
    <ClInclude Include="Control.h">
      <Filter>Header Files\UI\Controls</Filter>
    </ClInclude>
    <ClInclude Include="DropDown.h">
      <Filter>Header Files\UI\Controls</Filter>
    </ClInclude>
    <ClInclude Include="Text.h">
      <Filter>Header Files\UI\Controls</Filter>
    </ClInclude>
    <ClInclude Include="ColorTheme.h">
      <Filter>Header Files\UI\Themes</Filter>
    </ClInclude>
    <ClInclude Include="TextTheme.h">
      <Filter>Header Files\UI\Themes</Filter>
    </ClInclude>
    <ClInclude Include="Theme.h">
      <Filter>Header Files\UI\Themes</Filter>
    </ClInclude>
    <ClInclude Include="ThemeDefines.h">
      <Filter>Header Files\UI\Themes</Filter>
    </ClInclude>
    <ClInclude Include="ThemeManager.h">
      <Filter>Header Files\UI\Themes</Filter>
    </ClInclude>
    <ClInclude Include="MouseOverDown.h">
      <Filter>Header Files\UI\Other</Filter>
    </ClInclude>
    <ClInclude Include="FontFamily.h">
      <Filter>Header Files\UI\Other</Filter>
    </ClInclude>
    <ClInclude Include="MouseState.h">
      <Filter>Header Files\UI\Other</Filter>
    </ClInclude>
    <ClInclude Include="OnMessageResult.h">
      <Filter>Header Files\UI\Other</Filter>
    </ClInclude>
    <ClInclude Include="ContentWindow.h">
      <Filter>Header Files\Window</Filter>
    </ClInclude>
    <ClInclude Include="WindowBase.h">
      <Filter>Header Files\Window</Filter>
    </ClInclude>
    <ClInclude Include="WindowBaseTemplate.h">
      <Filter>Header Files\Window</Filter>
    </ClInclude>
    <ClInclude Include="WindowManager.h">
      <Filter>Header Files\Window</Filter>
    </ClInclude>
    <ClInclude Include="WindowsMessageMap.h">
      <Filter>Header Files\Window</Filter>
    </ClInclude>
    <ClInclude Include="SecondaryWindow.h">
      <Filter>Header Files\Window</Filter>
    </ClInclude>
    <ClInclude Include="Layout.h">
      <Filter>Header Files\UI\Layout</Filter>
    </ClInclude>
    <ClInclude Include="LayoutConfig.h">
      <Filter>Header Files\UI\Layout</Filter>
    </ClInclude>
    <ClInclude Include="RowCol.h">
      <Filter>Header Files\UI\Layout</Filter>
    </ClInclude>
    <ClInclude Include="DeviceResources.h">
      <Filter>Header Files\Rendering</Filter>
    </ClInclude>
    <ClInclude Include="DirectXHelper.h">
      <Filter>Header Files\Rendering</Filter>
    </ClInclude>
    <ClInclude Include="MonolithException.h">
      <Filter>Header Files\Exceptions</Filter>
    </ClInclude>
    <ClInclude Include="WindowException.h">
      <Filter>Header Files\Exceptions</Filter>
    </ClInclude>
    <ClInclude Include="resource.h">
      <Filter>Header Files</Filter>
    </ClInclude>
    <ClInclude Include="App.h">
      <Filter>Header Files</Filter>
    </ClInclude>
    <ClInclude Include="SimulationRenderer.h">
      <Filter>Header Files\UI\Controls</Filter>
    </ClInclude>
    <ClInclude Include="MoveLookController.h">
      <Filter>Header Files\Rendering</Filter>
    </ClInclude>
    <ClInclude Include="HLSLStructures.h">
      <Filter>Header Files\Rendering</Filter>
    </ClInclude>
    <ClInclude Include="Simulation.h">
      <Filter>Header Files\Simulation</Filter>
    </ClInclude>
    <ClInclude Include="Atom.h">
      <Filter>Header Files\Simulation\Atoms</Filter>
    </ClInclude>
    <ClInclude Include="Constants.h">
      <Filter>Header Files\Simulation</Filter>
    </ClInclude>
    <ClInclude Include="Electron.h">
      <Filter>Header Files\Simulation\Atoms</Filter>
    </ClInclude>
    <ClInclude Include="Enums.h">
      <Filter>Header Files\Simulation</Filter>
    </ClInclude>
    <ClInclude Include="SphereMesh.h">
      <Filter>Header Files\Rendering</Filter>
    </ClInclude>
    <ClInclude Include="Elements.h">
      <Filter>Header Files\Simulation</Filter>
    </ClInclude>
    <ClInclude Include="Hydrogen.h">
      <Filter>Header Files\Simulation\Atoms</Filter>
    </ClInclude>
    <ClInclude Include="Beryllium.h">
      <Filter>Header Files\Simulation\Atoms</Filter>
    </ClInclude>
    <ClInclude Include="Boron.h">
      <Filter>Header Files\Simulation\Atoms</Filter>
    </ClInclude>
    <ClInclude Include="Carbon.h">
      <Filter>Header Files\Simulation\Atoms</Filter>
    </ClInclude>
    <ClInclude Include="Flourine.h">
      <Filter>Header Files\Simulation\Atoms</Filter>
    </ClInclude>
    <ClInclude Include="Helium.h">
      <Filter>Header Files\Simulation\Atoms</Filter>
    </ClInclude>
    <ClInclude Include="Lithium.h">
      <Filter>Header Files\Simulation\Atoms</Filter>
    </ClInclude>
    <ClInclude Include="Neon.h">
      <Filter>Header Files\Simulation\Atoms</Filter>
    </ClInclude>
    <ClInclude Include="Nitrogen.h">
      <Filter>Header Files\Simulation\Atoms</Filter>
    </ClInclude>
    <ClInclude Include="Oxygen.h">
      <Filter>Header Files\Simulation\Atoms</Filter>
    </ClInclude>
    <ClInclude Include="StepTimer.h">
      <Filter>Header Files\Simulation</Filter>
    </ClInclude>
    <ClInclude Include="SimulationManager.h">
      <Filter>Header Files\Simulation</Filter>
    </ClInclude>
    <ClInclude Include="MeshManager.h">
      <Filter>Header Files\Simulation</Filter>
    </ClInclude>
    <ClInclude Include="TextInput.h">
      <Filter>Header Files\UI\Controls</Filter>
    </ClInclude>
    <ClInclude Include="ComboBox.h">
      <Filter>Header Files\UI\Controls</Filter>
    </ClInclude>
    <ClInclude Include="BorderTheme.h">
      <Filter>Header Files\UI\Themes</Filter>
    </ClInclude>
    <ClInclude Include="Slider.h">
      <Filter>Header Files\UI\Controls</Filter>
    </ClInclude>
    <ClInclude Include="LineTheme.h">
      <Filter>Header Files\UI\Themes</Filter>
    </ClInclude>
  </ItemGroup>
  <ItemGroup>
    <Xml Include="dpi-aware-manifest.xml">
      <Filter>Manifests</Filter>
    </Xml>
  </ItemGroup>
  <ItemGroup>
    <ResourceCompile Include="monolith.rc">
      <Filter>Resource Files</Filter>
    </ResourceCompile>
  </ItemGroup>
  <ItemGroup>
    <Image Include="..\..\..\Downloads\m1_g9x_icon.ico">
      <Filter>Resource Files</Filter>
    </Image>
  </ItemGroup>
  <ItemGroup>
    <FxCompile Include="VertexShader.hlsl">
      <Filter>Shaders</Filter>
    </FxCompile>
    <FxCompile Include="PixelShader.hlsl">
      <Filter>Shaders</Filter>
    </FxCompile>
    <FxCompile Include="MyVertexShader.hlsl">
      <Filter>Shaders</Filter>
    </FxCompile>
    <FxCompile Include="MyPixelShader.hlsl">
      <Filter>Shaders</Filter>
    </FxCompile>
  </ItemGroup>
</Project>